
Microsoft Visual Studio Solution File, Format Version 12.00
# Visual Studio 15
VisualStudioVersion = 15.0.27130.2036
MinimumVisualStudioVersion = 10.0.40219.1
Project("{FAE04EC0-301F-11D3-BF4B-00C04F79EFBC}") = "SOAPLibraryVelib", "SOAPLibraryVelib\SOAPLibraryVelib.csproj", "{E0C2709A-88BA-48E2-9757-F65715F0E80B}"
EndProject
Project("{FAE04EC0-301F-11D3-BF4B-00C04F79EFBC}") = "Client", "Client\Client.csproj", "{AB387020-FD26-4614-9362-DE86C5C4933B}"
	ProjectSection(ProjectDependencies) = postProject
		{E0C2709A-88BA-48E2-9757-F65715F0E80B} = {E0C2709A-88BA-48E2-9757-F65715F0E80B}
	EndProjectSection
EndProject
Project("{FAE04EC0-301F-11D3-BF4B-00C04F79EFBC}") = "ClientConsole", "ClientConsole\ClientConsole.csproj", "{12BA5F79-7887-4AEB-B19A-F501789F3470}"
	ProjectSection(ProjectDependencies) = postProject
		{E0C2709A-88BA-48E2-9757-F65715F0E80B} = {E0C2709A-88BA-48E2-9757-F65715F0E80B}
	EndProjectSection
EndProject
Project("{FAE04EC0-301F-11D3-BF4B-00C04F79EFBC}") = "MonitoringClient", "MonitoringClient\MonitoringClient.csproj", "{2E156E6D-159B-459D-81CB-16EF7F8AD54A}"
	ProjectSection(ProjectDependencies) = postProject
		{E0C2709A-88BA-48E2-9757-F65715F0E80B} = {E0C2709A-88BA-48E2-9757-F65715F0E80B}
	EndProjectSection
EndProject
Project("{FAE04EC0-301F-11D3-BF4B-00C04F79EFBC}") = "ClientIWS", "ClientIWS\ClientIWS.csproj", "{1E6AC40C-D669-4D46-A4F3-AA682DA87FFB}"
	ProjectSection(ProjectDependencies) = postProject
		{E0C2709A-88BA-48E2-9757-F65715F0E80B} = {E0C2709A-88BA-48E2-9757-F65715F0E80B}
	EndProjectSection
EndProject
Global
	GlobalSection(SolutionConfigurationPlatforms) = preSolution
		Debug|Any CPU = Debug|Any CPU
		Release|Any CPU = Release|Any CPU
	EndGlobalSection
	GlobalSection(ProjectConfigurationPlatforms) = postSolution
		{E0C2709A-88BA-48E2-9757-F65715F0E80B}.Debug|Any CPU.ActiveCfg = Debug|Any CPU
		{E0C2709A-88BA-48E2-9757-F65715F0E80B}.Debug|Any CPU.Build.0 = Debug|Any CPU
		{E0C2709A-88BA-48E2-9757-F65715F0E80B}.Release|Any CPU.ActiveCfg = Release|Any CPU
		{E0C2709A-88BA-48E2-9757-F65715F0E80B}.Release|Any CPU.Build.0 = Release|Any CPU
		{AB387020-FD26-4614-9362-DE86C5C4933B}.Debug|Any CPU.ActiveCfg = Debug|Any CPU
		{AB387020-FD26-4614-9362-DE86C5C4933B}.Debug|Any CPU.Build.0 = Debug|Any CPU
		{AB387020-FD26-4614-9362-DE86C5C4933B}.Release|Any CPU.ActiveCfg = Release|Any CPU
		{AB387020-FD26-4614-9362-DE86C5C4933B}.Release|Any CPU.Build.0 = Release|Any CPU
		{12BA5F79-7887-4AEB-B19A-F501789F3470}.Debug|Any CPU.ActiveCfg = Debug|Any CPU
		{12BA5F79-7887-4AEB-B19A-F501789F3470}.Debug|Any CPU.Build.0 = Debug|Any CPU
		{12BA5F79-7887-4AEB-B19A-F501789F3470}.Release|Any CPU.ActiveCfg = Release|Any CPU
		{12BA5F79-7887-4AEB-B19A-F501789F3470}.Release|Any CPU.Build.0 = Release|Any CPU
		{2E156E6D-159B-459D-81CB-16EF7F8AD54A}.Debug|Any CPU.ActiveCfg = Debug|Any CPU
		{2E156E6D-159B-459D-81CB-16EF7F8AD54A}.Debug|Any CPU.Build.0 = Debug|Any CPU
		{2E156E6D-159B-459D-81CB-16EF7F8AD54A}.Release|Any CPU.ActiveCfg = Release|Any CPU
		{2E156E6D-159B-459D-81CB-16EF7F8AD54A}.Release|Any CPU.Build.0 = Release|Any CPU
		{1E6AC40C-D669-4D46-A4F3-AA682DA87FFB}.Debug|Any CPU.ActiveCfg = Debug|Any CPU
		{1E6AC40C-D669-4D46-A4F3-AA682DA87FFB}.Debug|Any CPU.Build.0 = Debug|Any CPU
		{1E6AC40C-D669-4D46-A4F3-AA682DA87FFB}.Release|Any CPU.ActiveCfg = Release|Any CPU
		{1E6AC40C-D669-4D46-A4F3-AA682DA87FFB}.Release|Any CPU.Build.0 = Release|Any CPU
	EndGlobalSection
	GlobalSection(SolutionProperties) = preSolution
		HideSolutionNode = FALSE
	EndGlobalSection
	GlobalSection(ExtensibilityGlobals) = postSolution
		SolutionGuid = {4B242A1F-C562-4338-AC73-7861EA5535C0}
	EndGlobalSection
EndGlobal
